{
    "_readme": [
        "This file locks the dependencies of your project to a known state",
        "Read more about it at http://getcomposer.org/doc/01-basic-usage.md#composer-lock-the-lock-file"
    ],
    "hash": "522f4c53809a3468b7534112a9f858e3",
    "packages": [
        {
            "name": "monolog/monolog",
            "version": "dev-master",
            "source": {
                "type": "git",
                "url": "https://github.com/Seldaek/monolog.git",
                "reference": "c9db00f8821b2cc7238732529f8d4007296a630c"
            },
            "dist": {
                "type": "zip",
                "url": "https://api.github.com/repos/Seldaek/monolog/zipball/c9db00f8821b2cc7238732529f8d4007296a630c",
                "reference": "c9db00f8821b2cc7238732529f8d4007296a630c",
                "shasum": ""
            },
            "require": {
                "php": ">=5.3.0",
                "psr/log": "~1.0"
            },
            "require-dev": {
                "aws/aws-sdk-php": "~2.4.8",
                "doctrine/couchdb": "dev-master",
                "mlehner/gelf-php": "1.0.*",
                "phpunit/phpunit": "~3.7.0",
                "raven/raven": "0.5.*",
                "ruflin/elastica": "0.90.*"
            },
            "suggest": {
                "aws/aws-sdk-php": "Allow sending log messages to AWS services like DynamoDB",
                "doctrine/couchdb": "Allow sending log messages to a CouchDB server",
                "ext-amqp": "Allow sending log messages to an AMQP server (1.0+ required)",
                "ext-mongo": "Allow sending log messages to a MongoDB server",
                "mlehner/gelf-php": "Allow sending log messages to a GrayLog2 server",
                "raven/raven": "Allow sending log messages to a Sentry server",
                "ruflin/elastica": "Allow sending log messages to an Elastic Search server"
            },
            "type": "library",
            "extra": {
                "branch-alias": {
                    "dev-master": "1.7.x-dev"
                }
            },
            "autoload": {
                "psr-0": {
                    "Monolog": "src/"
                }
            },
            "notification-url": "https://packagist.org/downloads/",
            "license": [
                "MIT"
            ],
            "authors": [
                {
                    "name": "Jordi Boggiano",
                    "email": "j.boggiano@seld.be",
                    "homepage": "http://seld.be",
                    "role": "Developer"
                }
            ],
            "description": "Sends your logs to files, sockets, inboxes, databases and various web services",
            "homepage": "http://github.com/Seldaek/monolog",
            "keywords": [
                "log",
                "logging",
                "psr-3"
            ],
            "time": "2013-12-14 13:52:08"
        },
        {
            "name": "orbisnull/deltacore",
            "version": "dev-master",
            "source": {
                "type": "git",
                "url": "https://github.com/orbisnull/DeltaCore.git",
                "reference": "223f05cf755b5669368a79e120b2b33fc9b0df12"
            },
            "dist": {
                "type": "zip",
                "url": "https://api.github.com/repos/orbisnull/DeltaCore/zipball/223f05cf755b5669368a79e120b2b33fc9b0df12",
                "reference": "223f05cf755b5669368a79e120b2b33fc9b0df12",
                "shasum": ""
            },
            "require": {
                "monolog/monolog": "1.*",
                "orbisnull/dtpl": "dev-master",
                "orbisnull/kindrouter": "dev-master",
                "orbisnull/orbistools": "dev-master",
                "twig/twig": "1.*"
            },
            "type": "library",
            "autoload": {
                "psr-0": {
                    "DeltaCore": "src/"
                }
            },
            "notification-url": "https://packagist.org/downloads/",
            "license": [
                "GPL-3.0+"
            ],
            "authors": [
                {
                    "name": "Vasiliy Shvakin",
                    "email": "zen4dev@gmail.com"
                }
            ],
            "description": "Delta PHP framework - fast, light, easy (core)",
            "time": "2013-12-19 12:06:34"
        },
        {
            "name": "orbisnull/dtpl",
            "version": "dev-master",
            "source": {
                "type": "git",
                "url": "https://github.com/orbisnull/dTpl.git",
                "reference": "24d2da8788d853f82f0a2cb5807def8d6bb8f6c0"
            },
            "dist": {
                "type": "zip",
                "url": "https://api.github.com/repos/orbisnull/dTpl/zipball/24d2da8788d853f82f0a2cb5807def8d6bb8f6c0",
                "reference": "24d2da8788d853f82f0a2cb5807def8d6bb8f6c0",
                "shasum": ""
            },
            "type": "library",
            "autoload": {
                "psr-0": {
                    "dTpl": "src/"
                }
            },
            "notification-url": "https://packagist.org/downloads/",
            "license": [
                "GPL-3.0+"
            ],
            "authors": [
                {
                    "name": "Vasiliy Shvakin",
                    "email": "zen4dev@gmail.com"
                }
            ],
            "description": "small base template engine",
            "time": "2013-12-19 12:05:08"
        },
        {
            "name": "orbisnull/kindrouter",
            "version": "dev-master",
            "source": {
                "type": "git",
                "url": "https://github.com/orbisnull/kindrouter.git",
                "reference": "8e38b5e455cadc772c7287c3fba70cc0ebd06c44"
            },
            "dist": {
                "type": "zip",
                "url": "https://api.github.com/repos/orbisnull/kindrouter/zipball/8e38b5e455cadc772c7287c3fba70cc0ebd06c44",
                "reference": "8e38b5e455cadc772c7287c3fba70cc0ebd06c44",
                "shasum": ""
            },
            "require": {
                "orbisnull/orbistools": "dev-master"
            },
            "type": "library",
            "autoload": {
                "psr-0": {
                    "Kindrouter": "src/"
                }
            },
            "notification-url": "https://packagist.org/downloads/",
            "authors": [
                {
                    "name": "orbisnull",
                    "email": "zen4dev@gmail.com"
                }
            ],
            "description": "Simple router for php applications",
            "time": "2013-09-09 05:01:46"
        },
        {
            "name": "orbisnull/orbistools",
            "version": "dev-master",
            "source": {
                "type": "git",
                "url": "https://github.com/orbisnull/orbistools.git",
                "reference": "42134f48c81e8384c56a6402ee8d0598f07bb2df"
            },
            "dist": {
                "type": "zip",
                "url": "https://api.github.com/repos/orbisnull/orbistools/zipball/42134f48c81e8384c56a6402ee8d0598f07bb2df",
                "reference": "42134f48c81e8384c56a6402ee8d0598f07bb2df",
                "shasum": ""
            },
            "type": "library",
            "autoload": {
                "psr-0": {
                    "OrbisTools": "src/"
                }
            },
            "notification-url": "https://packagist.org/downloads/",
            "license": [
                "GPL-3.0+"
            ],
            "authors": [
                {
                    "name": "Vasiliy Shvakin",
                    "email": "zen4dev@gmail.com"
                }
            ],
            "description": "request, session and other tools for web development",
            "time": "2013-12-15 08:38:21"
        },
        {
            "name": "psr/log",
            "version": "dev-master",
            "source": {
                "type": "git",
                "url": "https://github.com/php-fig/log.git",
                "reference": "5144da9525d24346bf009ff28f10cbaa1f0f166e"
            },
            "dist": {
                "type": "zip",
                "url": "https://api.github.com/repos/php-fig/log/zipball/5144da9525d24346bf009ff28f10cbaa1f0f166e",
                "reference": "5144da9525d24346bf009ff28f10cbaa1f0f166e",
                "shasum": ""
            },
            "type": "library",
            "extra": {
                "branch-alias": {
                    "dev-master": "1.0.x-dev"
                }
            },
            "autoload": {
                "psr-0": {
                    "Psr\\Log\\": ""
                }
            },
            "notification-url": "https://packagist.org/downloads/",
            "license": [
                "MIT"
            ],
            "authors": [
                {
                    "name": "PHP-FIG",
                    "homepage": "http://www.php-fig.org/"
                }
            ],
            "description": "Common interface for logging libraries",
            "keywords": [
                "log",
                "psr",
                "psr-3"
            ],
            "time": "2013-12-05 15:25:07"
        },
        {
            "name": "twig/twig",
            "version": "dev-master",
            "source": {
                "type": "git",
                "url": "https://github.com/fabpot/Twig.git",
                "reference": "6387fc457792f38189bdd5729b500772bbddfa4d"
            },
            "dist": {
                "type": "zip",
                "url": "https://api.github.com/repos/fabpot/Twig/zipball/6387fc457792f38189bdd5729b500772bbddfa4d",
                "reference": "6387fc457792f38189bdd5729b500772bbddfa4d",
                "shasum": ""
            },
            "require": {
                "php": ">=5.2.4"
            },
            "type": "library",
            "extra": {
                "branch-alias": {
                    "dev-master": "1.15-dev"
                }
            },
            "autoload": {
                "psr-0": {
                    "Twig_": "lib/"
                }
            },
            "notification-url": "https://packagist.org/downloads/",
            "license": [
                "BSD-3-Clause"
            ],
            "authors": [
                {
                    "name": "Fabien Potencier",
                    "email": "fabien@symfony.com"
                },
                {
                    "name": "Armin Ronacher",
                    "email": "armin.ronacher@active-4.com"
                }
            ],
            "description": "Twig, the flexible, fast, and secure template language for PHP",
            "homepage": "http://twig.sensiolabs.org",
            "keywords": [
                "templating"
            ],
            "time": "2013-12-10 10:23:00"
        }
    ],
    "packages-dev": [

    ],
    "aliases": [

    ],
    "minimum-stability": "dev",
    "stability-flags": {
        "orbisnull/deltacore": 20
    },
    "platform": [

    ],
    "platform-dev": [

    ]
}
