{
    "_readme": [
        "This file locks the dependencies of your project to a known state",
        "Read more about it at http://getcomposer.org/doc/01-basic-usage.md#composer-lock-the-lock-file"
    ],
    "hash": "4467cc97b2969479612b7c0c08294d57",
    "packages": [
        {
            "name": "deltaphp/deltacore",
            "version": "dev-master",
            "source": {
                "type": "git",
                "url": "https://github.com/DeltaPHP/DeltaCore.git",
                "reference": "5484e3aea2e71638f350b3c8881ed80f5d83c28b"
            },
            "dist": {
                "type": "zip",
                "url": "https://api.github.com/repos/DeltaPHP/DeltaCore/zipball/5484e3aea2e71638f350b3c8881ed80f5d83c28b",
                "reference": "5484e3aea2e71638f350b3c8881ed80f5d83c28b",
                "shasum": ""
            },
            "require": {
                "deltaphp/deltarouter": "dev-master",
                "deltaphp/deltautils": "dev-master",
                "deltaphp/dtpl": "dev-master",
                "deltaphp/httpwarp": "dev-master"
            },
            "type": "library",
            "autoload": {
                "psr-0": {
                    "DeltaCore": "src/"
                }
            },
            "notification-url": "https://packagist.org/downloads/",
            "license": [
                "GPL-3.0+"
            ],
            "authors": [
                {
                    "name": "orbisnull",
                    "email": "zen4dev@gmail.com"
                }
            ],
            "description": "Delta PHP framework - fast, light, easy (core)",
            "time": "2014-01-13 02:27:34"
        },
        {
            "name": "deltaphp/deltarouter",
            "version": "dev-master",
            "source": {
                "type": "git",
                "url": "https://github.com/DeltaPHP/DeltaRouter.git",
                "reference": "c2626176b6c650f10418c4957b2dfafbe8707efb"
            },
            "dist": {
                "type": "zip",
                "url": "https://api.github.com/repos/DeltaPHP/DeltaRouter/zipball/c2626176b6c650f10418c4957b2dfafbe8707efb",
                "reference": "c2626176b6c650f10418c4957b2dfafbe8707efb",
                "shasum": ""
            },
            "require": {
                "deltaphp/httpwarp": "dev-master"
            },
            "type": "library",
            "autoload": {
                "psr-0": {
                    "DeltaRouter": "src/"
                }
            },
            "notification-url": "https://packagist.org/downloads/",
            "authors": [
                {
                    "name": "orbisnull",
                    "email": "zen4dev@gmail.com"
                }
            ],
            "description": "Simple router for php applications",
            "time": "2014-01-13 04:22:01"
        },
        {
            "name": "deltaphp/deltautils",
            "version": "dev-master",
            "source": {
                "type": "git",
                "url": "https://github.com/DeltaPHP/DeltaUtils.git",
                "reference": "1c82edc932cb4dcd7d40039e74214db98256861f"
            },
            "dist": {
                "type": "zip",
                "url": "https://api.github.com/repos/DeltaPHP/DeltaUtils/zipball/1c82edc932cb4dcd7d40039e74214db98256861f",
                "reference": "1c82edc932cb4dcd7d40039e74214db98256861f",
                "shasum": ""
            },
            "type": "library",
            "autoload": {
                "psr-0": {
                    "DeltaUtils": "src/"
                }
            },
            "notification-url": "https://packagist.org/downloads/",
            "license": [
                "GPL-3.0+"
            ],
            "authors": [
                {
                    "name": "Vasiliy Shvakin",
                    "email": "zen4dev@gmail.com"
                }
            ],
            "description": "good tools and utils",
            "time": "2014-01-11 17:04:19"
        },
        {
            "name": "deltaphp/dtpl",
            "version": "dev-master",
            "source": {
                "type": "git",
                "url": "https://github.com/DeltaPHP/dTpl.git",
                "reference": "86bbab75e6b83b7dee1f23c09ee0597bc8f1cff2"
            },
            "dist": {
                "type": "zip",
                "url": "https://api.github.com/repos/DeltaPHP/dTpl/zipball/86bbab75e6b83b7dee1f23c09ee0597bc8f1cff2",
                "reference": "86bbab75e6b83b7dee1f23c09ee0597bc8f1cff2",
                "shasum": ""
            },
            "type": "library",
            "autoload": {
                "psr-0": {
                    "dTpl": "src/"
                }
            },
            "notification-url": "https://packagist.org/downloads/",
            "license": [
                "GPL-3.0+"
            ],
            "authors": [
                {
                    "name": "orbisnull",
                    "email": "zen4dev@gmail.com"
                }
            ],
            "description": "small base template engine",
            "time": "2014-01-13 04:20:54"
        },
        {
            "name": "deltaphp/httpwarp",
            "version": "dev-master",
            "source": {
                "type": "git",
                "url": "https://github.com/DeltaPHP/HttpWarp.git",
                "reference": "bf11bedf1d0efbb27d3c6c7d535cc8f4aa9f4385"
            },
            "dist": {
                "type": "zip",
                "url": "https://api.github.com/repos/DeltaPHP/HttpWarp/zipball/bf11bedf1d0efbb27d3c6c7d535cc8f4aa9f4385",
                "reference": "bf11bedf1d0efbb27d3c6c7d535cc8f4aa9f4385",
                "shasum": ""
            },
            "require": {
                "deltaphp/deltautils": "dev-master"
            },
            "type": "library",
            "autoload": {
                "psr-0": {
                    "HttpWarp": "src/"
                }
            },
            "notification-url": "https://packagist.org/downloads/",
            "license": [
                "GPL-3.0+"
            ],
            "authors": [
                {
                    "name": "Vasiliy Shvakin",
                    "email": "zen4dev@gmail.com"
                }
            ],
            "description": "request, response, session and other tools for base web development",
            "time": "2014-01-11 18:13:45"
        },
        {
            "name": "twig/twig",
            "version": "dev-master",
            "source": {
                "type": "git",
                "url": "https://github.com/fabpot/Twig.git",
                "reference": "ae89c8853582f074c1e8f26ac3b67b2c4fff2609"
            },
            "dist": {
                "type": "zip",
                "url": "https://api.github.com/repos/fabpot/Twig/zipball/ae89c8853582f074c1e8f26ac3b67b2c4fff2609",
                "reference": "ae89c8853582f074c1e8f26ac3b67b2c4fff2609",
                "shasum": ""
            },
            "require": {
                "php": ">=5.2.4"
            },
            "type": "library",
            "extra": {
                "branch-alias": {
                    "dev-master": "1.15-dev"
                }
            },
            "autoload": {
                "psr-0": {
                    "Twig_": "lib/"
                }
            },
            "notification-url": "https://packagist.org/downloads/",
            "license": [
                "BSD-3-Clause"
            ],
            "authors": [
                {
                    "name": "Fabien Potencier",
                    "email": "fabien@symfony.com"
                },
                {
                    "name": "Armin Ronacher",
                    "email": "armin.ronacher@active-4.com"
                }
            ],
            "description": "Twig, the flexible, fast, and secure template language for PHP",
            "homepage": "http://twig.sensiolabs.org",
            "keywords": [
                "templating"
            ],
            "time": "2014-01-08 07:21:35"
        }
    ],
    "packages-dev": [

    ],
    "aliases": [

    ],
    "minimum-stability": "dev",
    "stability-flags": {
        "deltaphp/deltacore": 20
    },
    "platform": [

    ],
    "platform-dev": [

    ]
}
