{
    "_readme": [
        "This file locks the dependencies of your project to a known state",
        "Read more about it at http://getcomposer.org/doc/01-basic-usage.md#composer-lock-the-lock-file"
    ],
    "hash": "b8f9381bf3b7d15c474f8d28b3149929",
    "packages": [
        {
            "name": "orbisnull/deltacore",
            "version": "dev-master",
            "source": {
                "type": "git",
                "url": "https://github.com/orbisnull/DeltaCore.git",
                "reference": "99a2d7d444917bacd9b41dbc38e299d2375ae4c1"
            },
            "dist": {
                "type": "zip",
                "url": "https://api.github.com/repos/orbisnull/DeltaCore/zipball/99a2d7d444917bacd9b41dbc38e299d2375ae4c1",
                "reference": "99a2d7d444917bacd9b41dbc38e299d2375ae4c1",
                "shasum": ""
            },
            "require": {
                "orbisnull/dtpl": "dev-master",
                "orbisnull/kindrouter": "dev-master",
                "orbisnull/orbistools": "dev-master"
            },
            "type": "library",
            "autoload": {
                "psr-0": {
                    "DeltaCore": "src/"
                }
            },
            "notification-url": "https://packagist.org/downloads/",
            "license": [
                "GPL-3.0+"
            ],
            "authors": [
                {
                    "name": "Vasiliy Shvakin",
                    "email": "zen4dev@gmail.com"
                }
            ],
            "description": "Delta PHP framework - fast, light, easy (core)",
            "time": "2013-12-19 12:29:59"
        },
        {
            "name": "orbisnull/dtpl",
            "version": "dev-master",
            "source": {
                "type": "git",
                "url": "https://github.com/orbisnull/dTpl.git",
                "reference": "59296fb1bfb437fd854e57df227f509454e623fc"
            },
            "dist": {
                "type": "zip",
                "url": "https://api.github.com/repos/orbisnull/dTpl/zipball/59296fb1bfb437fd854e57df227f509454e623fc",
                "reference": "59296fb1bfb437fd854e57df227f509454e623fc",
                "shasum": ""
            },
            "type": "library",
            "autoload": {
                "psr-0": {
                    "dTpl": "src/"
                }
            },
            "notification-url": "https://packagist.org/downloads/",
            "license": [
                "GPL-3.0+"
            ],
            "authors": [
                {
                    "name": "orbisnull",
                    "email": "zen4dev@gmail.com"
                }
            ],
            "description": "small base template engine",
            "time": "2013-12-20 08:46:50"
        },
        {
            "name": "orbisnull/kindrouter",
            "version": "dev-master",
            "source": {
                "type": "git",
                "url": "https://github.com/orbisnull/kindrouter.git",
                "reference": "8e38b5e455cadc772c7287c3fba70cc0ebd06c44"
            },
            "dist": {
                "type": "zip",
                "url": "https://api.github.com/repos/orbisnull/kindrouter/zipball/8e38b5e455cadc772c7287c3fba70cc0ebd06c44",
                "reference": "8e38b5e455cadc772c7287c3fba70cc0ebd06c44",
                "shasum": ""
            },
            "require": {
                "orbisnull/orbistools": "dev-master"
            },
            "type": "library",
            "autoload": {
                "psr-0": {
                    "Kindrouter": "src/"
                }
            },
            "notification-url": "https://packagist.org/downloads/",
            "authors": [
                {
                    "name": "orbisnull",
                    "email": "zen4dev@gmail.com"
                }
            ],
            "description": "Simple router for php applications",
            "time": "2013-09-09 05:01:46"
        },
        {
            "name": "orbisnull/orbistools",
            "version": "dev-master",
            "source": {
                "type": "git",
                "url": "https://github.com/orbisnull/orbistools.git",
                "reference": "42134f48c81e8384c56a6402ee8d0598f07bb2df"
            },
            "dist": {
                "type": "zip",
                "url": "https://api.github.com/repos/orbisnull/orbistools/zipball/42134f48c81e8384c56a6402ee8d0598f07bb2df",
                "reference": "42134f48c81e8384c56a6402ee8d0598f07bb2df",
                "shasum": ""
            },
            "type": "library",
            "autoload": {
                "psr-0": {
                    "OrbisTools": "src/"
                }
            },
            "notification-url": "https://packagist.org/downloads/",
            "license": [
                "GPL-3.0+"
            ],
            "authors": [
                {
                    "name": "Vasiliy Shvakin",
                    "email": "zen4dev@gmail.com"
                }
            ],
            "description": "request, session and other tools for web development",
            "time": "2013-12-15 08:38:21"
        },
        {
            "name": "twig/twig",
            "version": "dev-master",
            "source": {
                "type": "git",
                "url": "https://github.com/fabpot/Twig.git",
                "reference": "6387fc457792f38189bdd5729b500772bbddfa4d"
            },
            "dist": {
                "type": "zip",
                "url": "https://api.github.com/repos/fabpot/Twig/zipball/6387fc457792f38189bdd5729b500772bbddfa4d",
                "reference": "6387fc457792f38189bdd5729b500772bbddfa4d",
                "shasum": ""
            },
            "require": {
                "php": ">=5.2.4"
            },
            "type": "library",
            "extra": {
                "branch-alias": {
                    "dev-master": "1.15-dev"
                }
            },
            "autoload": {
                "psr-0": {
                    "Twig_": "lib/"
                }
            },
            "notification-url": "https://packagist.org/downloads/",
            "license": [
                "BSD-3-Clause"
            ],
            "authors": [
                {
                    "name": "Fabien Potencier",
                    "email": "fabien@symfony.com"
                },
                {
                    "name": "Armin Ronacher",
                    "email": "armin.ronacher@active-4.com"
                }
            ],
            "description": "Twig, the flexible, fast, and secure template language for PHP",
            "homepage": "http://twig.sensiolabs.org",
            "keywords": [
                "templating"
            ],
            "time": "2013-12-10 10:23:00"
        }
    ],
    "packages-dev": [

    ],
    "aliases": [

    ],
    "minimum-stability": "dev",
    "stability-flags": {
        "orbisnull/deltacore": 20
    },
    "platform": [

    ],
    "platform-dev": [

    ]
}
